
Microsoft Visual Studio Solution File, Format Version 12.00
# Visual Studio Version 17
VisualStudioVersion = 17.1.31911.260
MinimumVisualStudioVersion = 10.0.40219.1
Project("{FAE04EC0-301F-11D3-BF4B-00C04F79EFBC}") = "Game", "Game\Game.csproj", "{1C416B67-B0C8-4241-BBDB-335E48C171FD}"
EndProject
Global
	GlobalSection(SolutionConfigurationPlatforms) = preSolution
		Debug|Any CPU = Debug|Any CPU
		Release|Any CPU = Release|Any CPU
	EndGlobalSection
	GlobalSection(ProjectConfigurationPlatforms) = postSolution
		{1C416B67-B0C8-4241-BBDB-335E48C171FD}.Debug|Any CPU.ActiveCfg = Debug|Any CPU
		{1C416B67-B0C8-4241-BBDB-335E48C171FD}.Debug|Any CPU.Build.0 = Debug|Any CPU
		{1C416B67-B0C8-4241-BBDB-335E48C171FD}.Release|Any CPU.ActiveCfg = Release|Any CPU
		{1C416B67-B0C8-4241-BBDB-335E48C171FD}.Release|Any CPU.Build.0 = Release|Any CPU
	EndGlobalSection
	GlobalSection(SolutionProperties) = preSolution
		HideSolutionNode = FALSE
	EndGlobalSection
	GlobalSection(ExtensibilityGlobals) = postSolution
		SolutionGuid = {FE3079A3-1900-4620-A078-5473376B193B}
	EndGlobalSection
EndGlobal
